{
  "version": "3",
  "packages": {
    "specifiers": {
      "npm:gbajs@1.1.2": "npm:gbajs@1.1.2"
    },
    "npm": {
      "buffer-dataview@0.0.2": {
        "integrity": "sha512-YiNEgOoMDO8KrJqptlJYZBrZ9qXajxiaWF0YPU7LC0ywmJ8RVt7R28Y8AlJy97upM5GCQyeBKDeFTXq/Xec5Ow==",
        "dependencies": {}
      },
      "gbajs@1.1.2": {
        "integrity": "sha512-+jsgHM+qA0J/E1xE86BZu2P0ysqwIcGmkRSoyS7ECfO+Ic+jaajcVUWGx1Pp0sC/sRGWV+/mOg0Y+8IG9WKjxA==",
        "dependencies": {
          "buffer-dataview": "buffer-dataview@0.0.2",
          "pngjs": "pngjs@3.4.0"
        }
      },
      "pngjs@3.4.0": {
        "integrity": "sha512-NCrCHhWmnQklfH4MtJMRjZ2a8c80qXeMlQMv2uVp9ISJMTt562SbGd6n2oq0PaPgKm7Z6pL9E2UlLIhC+SHL3w==",
        "dependencies": {}
      }
    }
  },
  "remote": {}
}
